
Microsoft Visual Studio Solution File, Format Version 12.00
# Visual Studio Version 17
VisualStudioVersion = 17.12.35707.178
MinimumVisualStudioVersion = 10.0.40219.1
Project("{FAE04EC0-301F-11D3-BF4B-00C04F79EFBC}") = "Racijon.Api", "Racijon.Api\Racijon.Api.csproj", "{70A7981F-3B20-46BC-80EF-03F2EC8E6DA9}"
EndProject
Project("{FAE04EC0-301F-11D3-BF4B-00C04F79EFBC}") = "Racijon.AuthService", "Racijon.AuthService\Racijon.AuthService.csproj", "{670620D7-0555-4DEF-907B-787FB32A18F1}"
EndProject
Global
	GlobalSection(SolutionConfigurationPlatforms) = preSolution
		Debug|Any CPU = Debug|Any CPU
		Release|Any CPU = Release|Any CPU
	EndGlobalSection
	GlobalSection(ProjectConfigurationPlatforms) = postSolution
		{70A7981F-3B20-46BC-80EF-03F2EC8E6DA9}.Debug|Any CPU.ActiveCfg = Debug|Any CPU
		{70A7981F-3B20-46BC-80EF-03F2EC8E6DA9}.Debug|Any CPU.Build.0 = Debug|Any CPU
		{70A7981F-3B20-46BC-80EF-03F2EC8E6DA9}.Release|Any CPU.ActiveCfg = Release|Any CPU
		{70A7981F-3B20-46BC-80EF-03F2EC8E6DA9}.Release|Any CPU.Build.0 = Release|Any CPU
		{670620D7-0555-4DEF-907B-787FB32A18F1}.Debug|Any CPU.ActiveCfg = Debug|Any CPU
		{670620D7-0555-4DEF-907B-787FB32A18F1}.Debug|Any CPU.Build.0 = Debug|Any CPU
		{670620D7-0555-4DEF-907B-787FB32A18F1}.Release|Any CPU.ActiveCfg = Release|Any CPU
		{670620D7-0555-4DEF-907B-787FB32A18F1}.Release|Any CPU.Build.0 = Release|Any CPU
	EndGlobalSection
	GlobalSection(SolutionProperties) = preSolution
		HideSolutionNode = FALSE
	EndGlobalSection
EndGlobal
